// !$*UTF8*$!
{
	archiveVersion = 1;
	classes = {
	};
	objectVersion = 56;
	objects = {

/* Begin PBXBuildFile section */
		D30811062AA85AAB00D4751B /* Reply.swift in Sources */ = {isa = PBXBuildFile; fileRef = D3F4B1992A9719B2009106A2 /* Reply.swift */; };
		D30811072AA85AAD00D4751B /* Notification.swift in Sources */ = {isa = PBXBuildFile; fileRef = D3F4B1822A95C6B6009106A2 /* Notification.swift */; };
		D30811082AA85AAF00D4751B /* Persistence.swift in Sources */ = {isa = PBXBuildFile; fileRef = D3C2BC3F2AA722D800F9A747 /* Persistence.swift */; };
		D308110B2AA85AB700D4751B /* DiscussionView.swift in Sources */ = {isa = PBXBuildFile; fileRef = D3F4B18B2A95E8BF009106A2 /* DiscussionView.swift */; };
		D308110C2AA85ABB00D4751B /* HeadingView.swift in Sources */ = {isa = PBXBuildFile; fileRef = D3F4B1952A9631B1009106A2 /* HeadingView.swift */; };
		D308110D2AA85AD600D4751B /* ContentView.swift in Sources */ = {isa = PBXBuildFile; fileRef = D3F4B1572A94816D009106A2 /* ContentView.swift */; };
		D308110E2AA85AD600D4751B /* FeatureTabView.swift in Sources */ = {isa = PBXBuildFile; fileRef = D3F4B1632A948625009106A2 /* FeatureTabView.swift */; };
		D308110F2AA85AD600D4751B /* MyDiscussionsView.swift in Sources */ = {isa = PBXBuildFile; fileRef = D3F4B1732A94D70B009106A2 /* MyDiscussionsView.swift */; };
		D30811102AA85AD600D4751B /* NotificationsView.swift in Sources */ = {isa = PBXBuildFile; fileRef = D3F4B1712A94CCA4009106A2 /* NotificationsView.swift */; };
		D30811112AA85AD600D4751B /* ProfileView.swift in Sources */ = {isa = PBXBuildFile; fileRef = D3F4B16B2A94CC5F009106A2 /* ProfileView.swift */; };
		D30811122AA85AD600D4751B /* PushNotificationsView.swift in Sources */ = {isa = PBXBuildFile; fileRef = D3F4B17B2A94D8DF009106A2 /* PushNotificationsView.swift */; };
		D30811132AA85AD600D4751B /* ReportAProblemView.swift in Sources */ = {isa = PBXBuildFile; fileRef = D3F4B17D2A94D8FA009106A2 /* ReportAProblemView.swift */; };
		D30811142AA85AD600D4751B /* SettingsView.swift in Sources */ = {isa = PBXBuildFile; fileRef = D3F4B16F2A94CC8C009106A2 /* SettingsView.swift */; };
		D30811152AA85AD600D4751B /* TrendingDiscussionsView.swift in Sources */ = {isa = PBXBuildFile; fileRef = D3F4B1692A948917009106A2 /* TrendingDiscussionsView.swift */; };
		D30811162AA85AD600D4751B /* UsernameAndPasswordView.swift in Sources */ = {isa = PBXBuildFile; fileRef = D3F4B1772A94D747009106A2 /* UsernameAndPasswordView.swift */; };
		D30811172AA85AD600D4751B /* VerificationView.swift in Sources */ = {isa = PBXBuildFile; fileRef = D3F4B1792A94D7B0009106A2 /* VerificationView.swift */; };
		D30811182AA85AD600D4751B /* WritePostView.swift in Sources */ = {isa = PBXBuildFile; fileRef = D3F4B16D2A94CC77009106A2 /* WritePostView.swift */; };
		D30811192AA85AD600D4751B /* LogInView.swift in Sources */ = {isa = PBXBuildFile; fileRef = D3F4B19B2A9877ED009106A2 /* LogInView.swift */; };
		D308111A2AA85AD600D4751B /* SignUpView.swift in Sources */ = {isa = PBXBuildFile; fileRef = D306C82B2A98878800E6A958 /* SignUpView.swift */; };
		D308111B2AA85ADB00D4751B /* UniChatApp.swift in Sources */ = {isa = PBXBuildFile; fileRef = D3F4B1552A94816D009106A2 /* UniChatApp.swift */; };
		D308111C2AA85B1A00D4751B /* UniChatColor.swift in Sources */ = {isa = PBXBuildFile; fileRef = D3F4B1672A9487F4009106A2 /* UniChatColor.swift */; };
		D308111D2AA85B1D00D4751B /* Discussion.swift in Sources */ = {isa = PBXBuildFile; fileRef = D3F4B1932A95F445009106A2 /* Discussion.swift */; };
		D30811782AA8650D00D4751B /* UniChatCoreData.xcdatamodeld in Sources */ = {isa = PBXBuildFile; fileRef = D30811762AA8650D00D4751B /* UniChatCoreData.xcdatamodeld */; };
		D308117A2AA876AC00D4751B /* LikedUser.swift in Sources */ = {isa = PBXBuildFile; fileRef = D30811792AA876AC00D4751B /* LikedUser.swift */; };
		D30A30312AB434820022C988 /* CoreDataModelView.swift in Sources */ = {isa = PBXBuildFile; fileRef = D30A30302AB434820022C988 /* CoreDataModelView.swift */; };
		D30A30332AB5AED40022C988 /* UniversityData.swift in Sources */ = {isa = PBXBuildFile; fileRef = D30A30322AB5AED40022C988 /* UniversityData.swift */; };
		D30A30A52AB854D50022C988 /* Auth0 in Frameworks */ = {isa = PBXBuildFile; productRef = D30A30A42AB854D50022C988 /* Auth0 */; };
		D3107C6F2AB9B4D10063E7BC /* ProfileDetailsView.swift in Sources */ = {isa = PBXBuildFile; fileRef = D3107C6E2AB9B4D10063E7BC /* ProfileDetailsView.swift */; };
		D32898BE2AC0158200051A43 /* LecturerList.json in Resources */ = {isa = PBXBuildFile; fileRef = D32898BD2AC0158200051A43 /* LecturerList.json */; };
		D32898C12AC042E200051A43 /* Helper.swift in Sources */ = {isa = PBXBuildFile; fileRef = D32898C02AC042E200051A43 /* Helper.swift */; };
		D32899032ACD7E4200051A43 /* UpUser.swift in Sources */ = {isa = PBXBuildFile; fileRef = D32899022ACD7E4200051A43 /* UpUser.swift */; };
		D32899052AD0302B00051A43 /* VerifiedUni.swift in Sources */ = {isa = PBXBuildFile; fileRef = D32899042AD0302B00051A43 /* VerifiedUni.swift */; };
		D32899092AD03BCC00051A43 /* VerificationCameraView.swift in Sources */ = {isa = PBXBuildFile; fileRef = D32899082AD03BCC00051A43 /* VerificationCameraView.swift */; };
		D328990C2AD03DB300051A43 /* CameraView.swift in Sources */ = {isa = PBXBuildFile; fileRef = D328990B2AD03DB300051A43 /* CameraView.swift */; };
		D32899142AD1793A00051A43 /* UniChatTests.swift in Sources */ = {isa = PBXBuildFile; fileRef = D32899132AD1793A00051A43 /* UniChatTests.swift */; };
		D328991D2AD179FE00051A43 /* HelperFunctionsTest.swift in Sources */ = {isa = PBXBuildFile; fileRef = D328991C2AD179FE00051A43 /* HelperFunctionsTest.swift */; };
		D38B48BE2ABAE8B1002E1333 /* FaviconFinder in Frameworks */ = {isa = PBXBuildFile; productRef = D38B48BD2ABAE8B1002E1333 /* FaviconFinder */; };
		D3A8C25D2AA88A6E0024F989 /* User.swift in Sources */ = {isa = PBXBuildFile; fileRef = D3A8C25C2AA88A6E0024F989 /* User.swift */; };
		D3A8C25F2AA99F3E0024F989 /* UniRating.swift in Sources */ = {isa = PBXBuildFile; fileRef = D3A8C25E2AA99F3E0024F989 /* UniRating.swift */; };
		D3A8C2612AA99FBD0024F989 /* LecturerRating.swift in Sources */ = {isa = PBXBuildFile; fileRef = D3A8C2602AA99FBD0024F989 /* LecturerRating.swift */; };
		D3A8C2632AADE48B0024F989 /* SplashScreenView.swift in Sources */ = {isa = PBXBuildFile; fileRef = D3A8C2622AADE48B0024F989 /* SplashScreenView.swift */; };
		D3A8C2AB2AB18F270024F989 /* KeychainManager.swift in Sources */ = {isa = PBXBuildFile; fileRef = D3A8C2AA2AB18F270024F989 /* KeychainManager.swift */; };
		D3C2BC3E2AA7227D00F9A747 /* README.md in Resources */ = {isa = PBXBuildFile; fileRef = D3C2BC3D2AA7227D00F9A747 /* README.md */; };
		D3DAE61B2AD3D89F005F42F4 /* UniChatDocumentation.docc in Sources */ = {isa = PBXBuildFile; fileRef = D3DAE61A2AD3D89F005F42F4 /* UniChatDocumentation.docc */; };
		D3F4B15A2A94816F009106A2 /* Assets.xcassets in Resources */ = {isa = PBXBuildFile; fileRef = D3F4B1592A94816F009106A2 /* Assets.xcassets */; };
		D3F4B15D2A94816F009106A2 /* Preview Assets.xcassets in Resources */ = {isa = PBXBuildFile; fileRef = D3F4B15C2A94816F009106A2 /* Preview Assets.xcassets */; };
		D3F4B18A2A95D273009106A2 /* NotificationsData.json in Resources */ = {isa = PBXBuildFile; fileRef = D3F4B1892A95D273009106A2 /* NotificationsData.json */; };
		D3F4B1922A95F259009106A2 /* DiscussionsData.json in Resources */ = {isa = PBXBuildFile; fileRef = D3F4B1912A95F259009106A2 /* DiscussionsData.json */; };
		D3F4B1982A971878009106A2 /* RepliesData.json in Resources */ = {isa = PBXBuildFile; fileRef = D3F4B1972A971878009106A2 /* RepliesData.json */; };
/* End PBXBuildFile section */

/* Begin PBXContainerItemProxy section */
		D32899152AD1793A00051A43 /* PBXContainerItemProxy */ = {
			isa = PBXContainerItemProxy;
			containerPortal = D3F4B14A2A94816D009106A2 /* Project object */;
			proxyType = 1;
			remoteGlobalIDString = D3F4B1512A94816D009106A2;
			remoteInfo = UniChat;
		};
/* End PBXContainerItemProxy section */

/* Begin PBXFileReference section */
		D306C82B2A98878800E6A958 /* SignUpView.swift */ = {isa = PBXFileReference; lastKnownFileType = sourcecode.swift; path = SignUpView.swift; sourceTree = "<group>"; };
		D30811772AA8650D00D4751B /* UniChatCoreData.xcdatamodel */ = {isa = PBXFileReference; lastKnownFileType = wrapper.xcdatamodel; path = UniChatCoreData.xcdatamodel; sourceTree = "<group>"; };
		D30811792AA876AC00D4751B /* LikedUser.swift */ = {isa = PBXFileReference; lastKnownFileType = sourcecode.swift; path = LikedUser.swift; sourceTree = "<group>"; };
		D30A30302AB434820022C988 /* CoreDataModelView.swift */ = {isa = PBXFileReference; lastKnownFileType = sourcecode.swift; path = CoreDataModelView.swift; sourceTree = "<group>"; };
		D30A30322AB5AED40022C988 /* UniversityData.swift */ = {isa = PBXFileReference; lastKnownFileType = sourcecode.swift; path = UniversityData.swift; sourceTree = "<group>"; };
		D3107C6E2AB9B4D10063E7BC /* ProfileDetailsView.swift */ = {isa = PBXFileReference; lastKnownFileType = sourcecode.swift; path = ProfileDetailsView.swift; sourceTree = "<group>"; };
		D32898BD2AC0158200051A43 /* LecturerList.json */ = {isa = PBXFileReference; lastKnownFileType = text.json; path = LecturerList.json; sourceTree = "<group>"; };
		D32898C02AC042E200051A43 /* Helper.swift */ = {isa = PBXFileReference; lastKnownFileType = sourcecode.swift; path = Helper.swift; sourceTree = "<group>"; };
		D32899022ACD7E4200051A43 /* UpUser.swift */ = {isa = PBXFileReference; lastKnownFileType = sourcecode.swift; path = UpUser.swift; sourceTree = "<group>"; };
		D32899042AD0302B00051A43 /* VerifiedUni.swift */ = {isa = PBXFileReference; lastKnownFileType = sourcecode.swift; path = VerifiedUni.swift; sourceTree = "<group>"; };
		D32899082AD03BCC00051A43 /* VerificationCameraView.swift */ = {isa = PBXFileReference; lastKnownFileType = sourcecode.swift; path = VerificationCameraView.swift; sourceTree = "<group>"; };
		D328990B2AD03DB300051A43 /* CameraView.swift */ = {isa = PBXFileReference; lastKnownFileType = sourcecode.swift; path = CameraView.swift; sourceTree = "<group>"; };
		D32899112AD1793A00051A43 /* UniChatTests.xctest */ = {isa = PBXFileReference; explicitFileType = wrapper.cfbundle; includeInIndex = 0; path = UniChatTests.xctest; sourceTree = BUILT_PRODUCTS_DIR; };
		D32899132AD1793A00051A43 /* UniChatTests.swift */ = {isa = PBXFileReference; lastKnownFileType = sourcecode.swift; path = UniChatTests.swift; sourceTree = "<group>"; };
		D328991C2AD179FE00051A43 /* HelperFunctionsTest.swift */ = {isa = PBXFileReference; lastKnownFileType = sourcecode.swift; path = HelperFunctionsTest.swift; sourceTree = "<group>"; };
		D3A8C25C2AA88A6E0024F989 /* User.swift */ = {isa = PBXFileReference; lastKnownFileType = sourcecode.swift; path = User.swift; sourceTree = "<group>"; };
		D3A8C25E2AA99F3E0024F989 /* UniRating.swift */ = {isa = PBXFileReference; lastKnownFileType = sourcecode.swift; path = UniRating.swift; sourceTree = "<group>"; };
		D3A8C2602AA99FBD0024F989 /* LecturerRating.swift */ = {isa = PBXFileReference; lastKnownFileType = sourcecode.swift; path = LecturerRating.swift; sourceTree = "<group>"; };
		D3A8C2622AADE48B0024F989 /* SplashScreenView.swift */ = {isa = PBXFileReference; lastKnownFileType = sourcecode.swift; path = SplashScreenView.swift; sourceTree = "<group>"; };
		D3A8C2AA2AB18F270024F989 /* KeychainManager.swift */ = {isa = PBXFileReference; lastKnownFileType = sourcecode.swift; path = KeychainManager.swift; sourceTree = "<group>"; };
		D3C2BC3D2AA7227D00F9A747 /* README.md */ = {isa = PBXFileReference; lastKnownFileType = net.daringfireball.markdown; path = README.md; sourceTree = "<group>"; };
		D3C2BC3F2AA722D800F9A747 /* Persistence.swift */ = {isa = PBXFileReference; lastKnownFileType = sourcecode.swift; path = Persistence.swift; sourceTree = "<group>"; };
		D3DAE61A2AD3D89F005F42F4 /* UniChatDocumentation.docc */ = {isa = PBXFileReference; lastKnownFileType = folder.documentationcatalog; path = UniChatDocumentation.docc; sourceTree = "<group>"; };
		D3F4B1522A94816D009106A2 /* UniChat.app */ = {isa = PBXFileReference; explicitFileType = wrapper.application; includeInIndex = 0; path = UniChat.app; sourceTree = BUILT_PRODUCTS_DIR; };
		D3F4B1552A94816D009106A2 /* UniChatApp.swift */ = {isa = PBXFileReference; lastKnownFileType = sourcecode.swift; path = UniChatApp.swift; sourceTree = "<group>"; };
		D3F4B1572A94816D009106A2 /* ContentView.swift */ = {isa = PBXFileReference; lastKnownFileType = sourcecode.swift; path = ContentView.swift; sourceTree = "<group>"; };
		D3F4B1592A94816F009106A2 /* Assets.xcassets */ = {isa = PBXFileReference; lastKnownFileType = folder.assetcatalog; path = Assets.xcassets; sourceTree = "<group>"; };
		D3F4B15C2A94816F009106A2 /* Preview Assets.xcassets */ = {isa = PBXFileReference; lastKnownFileType = folder.assetcatalog; path = "Preview Assets.xcassets"; sourceTree = "<group>"; };
		D3F4B1632A948625009106A2 /* FeatureTabView.swift */ = {isa = PBXFileReference; lastKnownFileType = sourcecode.swift; path = FeatureTabView.swift; sourceTree = "<group>"; };
		D3F4B1672A9487F4009106A2 /* UniChatColor.swift */ = {isa = PBXFileReference; lastKnownFileType = sourcecode.swift; path = UniChatColor.swift; sourceTree = "<group>"; };
		D3F4B1692A948917009106A2 /* TrendingDiscussionsView.swift */ = {isa = PBXFileReference; lastKnownFileType = sourcecode.swift; path = TrendingDiscussionsView.swift; sourceTree = "<group>"; };
		D3F4B16B2A94CC5F009106A2 /* ProfileView.swift */ = {isa = PBXFileReference; lastKnownFileType = sourcecode.swift; path = ProfileView.swift; sourceTree = "<group>"; };
		D3F4B16D2A94CC77009106A2 /* WritePostView.swift */ = {isa = PBXFileReference; lastKnownFileType = sourcecode.swift; path = WritePostView.swift; sourceTree = "<group>"; };
		D3F4B16F2A94CC8C009106A2 /* SettingsView.swift */ = {isa = PBXFileReference; lastKnownFileType = sourcecode.swift; path = SettingsView.swift; sourceTree = "<group>"; };
		D3F4B1712A94CCA4009106A2 /* NotificationsView.swift */ = {isa = PBXFileReference; lastKnownFileType = sourcecode.swift; path = NotificationsView.swift; sourceTree = "<group>"; };
		D3F4B1732A94D70B009106A2 /* MyDiscussionsView.swift */ = {isa = PBXFileReference; lastKnownFileType = sourcecode.swift; path = MyDiscussionsView.swift; sourceTree = "<group>"; };
		D3F4B1772A94D747009106A2 /* UsernameAndPasswordView.swift */ = {isa = PBXFileReference; lastKnownFileType = sourcecode.swift; path = UsernameAndPasswordView.swift; sourceTree = "<group>"; };
		D3F4B1792A94D7B0009106A2 /* VerificationView.swift */ = {isa = PBXFileReference; lastKnownFileType = sourcecode.swift; path = VerificationView.swift; sourceTree = "<group>"; };
		D3F4B17B2A94D8DF009106A2 /* PushNotificationsView.swift */ = {isa = PBXFileReference; lastKnownFileType = sourcecode.swift; path = PushNotificationsView.swift; sourceTree = "<group>"; };
		D3F4B17D2A94D8FA009106A2 /* ReportAProblemView.swift */ = {isa = PBXFileReference; lastKnownFileType = sourcecode.swift; path = ReportAProblemView.swift; sourceTree = "<group>"; };
		D3F4B1822A95C6B6009106A2 /* Notification.swift */ = {isa = PBXFileReference; lastKnownFileType = sourcecode.swift; path = Notification.swift; sourceTree = "<group>"; };
		D3F4B1892A95D273009106A2 /* NotificationsData.json */ = {isa = PBXFileReference; lastKnownFileType = text.json; path = NotificationsData.json; sourceTree = "<group>"; };
		D3F4B18B2A95E8BF009106A2 /* DiscussionView.swift */ = {isa = PBXFileReference; lastKnownFileType = sourcecode.swift; path = DiscussionView.swift; sourceTree = "<group>"; };
		D3F4B1912A95F259009106A2 /* DiscussionsData.json */ = {isa = PBXFileReference; lastKnownFileType = text.json; path = DiscussionsData.json; sourceTree = "<group>"; };
		D3F4B1932A95F445009106A2 /* Discussion.swift */ = {isa = PBXFileReference; lastKnownFileType = sourcecode.swift; path = Discussion.swift; sourceTree = "<group>"; };
		D3F4B1952A9631B1009106A2 /* HeadingView.swift */ = {isa = PBXFileReference; lastKnownFileType = sourcecode.swift; path = HeadingView.swift; sourceTree = "<group>"; };
		D3F4B1972A971878009106A2 /* RepliesData.json */ = {isa = PBXFileReference; lastKnownFileType = text.json; path = RepliesData.json; sourceTree = "<group>"; };
		D3F4B1992A9719B2009106A2 /* Reply.swift */ = {isa = PBXFileReference; lastKnownFileType = sourcecode.swift; path = Reply.swift; sourceTree = "<group>"; };
		D3F4B19B2A9877ED009106A2 /* LogInView.swift */ = {isa = PBXFileReference; lastKnownFileType = sourcecode.swift; path = LogInView.swift; sourceTree = "<group>"; };
/* End PBXFileReference section */

/* Begin PBXFrameworksBuildPhase section */
		D328990E2AD1793A00051A43 /* Frameworks */ = {
			isa = PBXFrameworksBuildPhase;
			buildActionMask = 2147483647;
			files = (
			);
			runOnlyForDeploymentPostprocessing = 0;
		};
		D3F4B14F2A94816D009106A2 /* Frameworks */ = {
			isa = PBXFrameworksBuildPhase;
			buildActionMask = 2147483647;
			files = (
				D30A30A52AB854D50022C988 /* Auth0 in Frameworks */,
				D38B48BE2ABAE8B1002E1333 /* FaviconFinder in Frameworks */,
			);
			runOnlyForDeploymentPostprocessing = 0;
		};
/* End PBXFrameworksBuildPhase section */

/* Begin PBXGroup section */
		D30A302F2AB434500022C988 /* ModelView */ = {
			isa = PBXGroup;
			children = (
				D30A30302AB434820022C988 /* CoreDataModelView.swift */,
			);
			path = ModelView;
			sourceTree = "<group>";
		};
		D32898B92ABFD68700051A43 /* DiscussionViews */ = {
			isa = PBXGroup;
			children = (
				D3F4B18B2A95E8BF009106A2 /* DiscussionView.swift */,
				D3F4B1732A94D70B009106A2 /* MyDiscussionsView.swift */,
				D3F4B1692A948917009106A2 /* TrendingDiscussionsView.swift */,
				D3F4B16D2A94CC77009106A2 /* WritePostView.swift */,
			);
			path = DiscussionViews;
			sourceTree = "<group>";
		};
		D32898BA2ABFD6C100051A43 /* Components */ = {
			isa = PBXGroup;
			children = (
				D3F4B1632A948625009106A2 /* FeatureTabView.swift */,
				D3F4B1952A9631B1009106A2 /* HeadingView.swift */,
			);
			path = Components;
			sourceTree = "<group>";
		};
		D32898BB2ABFDD6D00051A43 /* ProfileViews */ = {
			isa = PBXGroup;
			children = (
				D3F4B16B2A94CC5F009106A2 /* ProfileView.swift */,
				D3107C6E2AB9B4D10063E7BC /* ProfileDetailsView.swift */,
			);
			path = ProfileViews;
			sourceTree = "<group>";
		};
		D32898BC2ABFDD8200051A43 /* SettingsViews */ = {
			isa = PBXGroup;
			children = (
				D3F4B16F2A94CC8C009106A2 /* SettingsView.swift */,
				D3F4B17B2A94D8DF009106A2 /* PushNotificationsView.swift */,
				D3F4B1772A94D747009106A2 /* UsernameAndPasswordView.swift */,
				D3F4B1792A94D7B0009106A2 /* VerificationView.swift */,
				D3F4B17D2A94D8FA009106A2 /* ReportAProblemView.swift */,
				D32899082AD03BCC00051A43 /* VerificationCameraView.swift */,
				D328990B2AD03DB300051A43 /* CameraView.swift */,
			);
			path = SettingsViews;
			sourceTree = "<group>";
		};
		D32899122AD1793A00051A43 /* UniChatTests */ = {
			isa = PBXGroup;
			children = (
				D32899132AD1793A00051A43 /* UniChatTests.swift */,
				D328991C2AD179FE00051A43 /* HelperFunctionsTest.swift */,
			);
			path = UniChatTests;
			sourceTree = "<group>";
		};
		D38B48BF2ABC1869002E1333 /* CoreDataStack */ = {
			isa = PBXGroup;
			children = (
				D3C2BC3F2AA722D800F9A747 /* Persistence.swift */,
			);
			path = CoreDataStack;
			sourceTree = "<group>";
		};
		D38B48C02ABC1948002E1333 /* Utils */ = {
			isa = PBXGroup;
			children = (
				D3F4B1672A9487F4009106A2 /* UniChatColor.swift */,
				D32898C02AC042E200051A43 /* Helper.swift */,
			);
			path = Utils;
			sourceTree = "<group>";
		};
		D38B48C12ABC1964002E1333 /* UserCredentialsViews */ = {
			isa = PBXGroup;
			children = (
				D3A8C2622AADE48B0024F989 /* SplashScreenView.swift */,
				D306C82B2A98878800E6A958 /* SignUpView.swift */,
				D3F4B19B2A9877ED009106A2 /* LogInView.swift */,
			);
			path = UserCredentialsViews;
			sourceTree = "<group>";
		};
		D38B48C22ABC197C002E1333 /* KeyChain */ = {
			isa = PBXGroup;
			children = (
				D3A8C2AA2AB18F270024F989 /* KeychainManager.swift */,
			);
			path = KeyChain;
			sourceTree = "<group>";
		};
		D3F4B1492A94816D009106A2 = {
			isa = PBXGroup;
			children = (
				D3DAE61A2AD3D89F005F42F4 /* UniChatDocumentation.docc */,
				D3C2BC3D2AA7227D00F9A747 /* README.md */,
				D3F4B1542A94816D009106A2 /* UniChat */,
				D32899122AD1793A00051A43 /* UniChatTests */,
				D3F4B1532A94816D009106A2 /* Products */,
			);
			sourceTree = "<group>";
		};
		D3F4B1532A94816D009106A2 /* Products */ = {
			isa = PBXGroup;
			children = (
				D3F4B1522A94816D009106A2 /* UniChat.app */,
				D32899112AD1793A00051A43 /* UniChatTests.xctest */,
			);
			name = Products;
			sourceTree = "<group>";
		};
		D3F4B1542A94816D009106A2 /* UniChat */ = {
			isa = PBXGroup;
			children = (
				D38B48C22ABC197C002E1333 /* KeyChain */,
				D38B48C02ABC1948002E1333 /* Utils */,
				D38B48BF2ABC1869002E1333 /* CoreDataStack */,
				D30A302F2AB434500022C988 /* ModelView */,
				D3F4B1802A95C40F009106A2 /* Resources */,
				D3F4B1662A9487C9009106A2 /* Models */,
				D3F4B1652A9487C4009106A2 /* Views */,
				D3F4B1552A94816D009106A2 /* UniChatApp.swift */,
				D3F4B1592A94816F009106A2 /* Assets.xcassets */,
				D3F4B15B2A94816F009106A2 /* Preview Content */,
				D30811762AA8650D00D4751B /* UniChatCoreData.xcdatamodeld */,
			);
			path = UniChat;
			sourceTree = "<group>";
		};
		D3F4B15B2A94816F009106A2 /* Preview Content */ = {
			isa = PBXGroup;
			children = (
				D3F4B15C2A94816F009106A2 /* Preview Assets.xcassets */,
			);
			path = "Preview Content";
			sourceTree = "<group>";
		};
		D3F4B1652A9487C4009106A2 /* Views */ = {
			isa = PBXGroup;
			children = (
				D32898BC2ABFDD8200051A43 /* SettingsViews */,
				D32898BB2ABFDD6D00051A43 /* ProfileViews */,
				D32898BA2ABFD6C100051A43 /* Components */,
				D32898B92ABFD68700051A43 /* DiscussionViews */,
				D38B48C12ABC1964002E1333 /* UserCredentialsViews */,
				D3F4B1572A94816D009106A2 /* ContentView.swift */,
				D3F4B1712A94CCA4009106A2 /* NotificationsView.swift */,
			);
			path = Views;
			sourceTree = "<group>";
		};
		D3F4B1662A9487C9009106A2 /* Models */ = {
			isa = PBXGroup;
			children = (
				D3F4B1992A9719B2009106A2 /* Reply.swift */,
				D3F4B1822A95C6B6009106A2 /* Notification.swift */,
				D3F4B1932A95F445009106A2 /* Discussion.swift */,
				D30811792AA876AC00D4751B /* LikedUser.swift */,
				D3A8C25C2AA88A6E0024F989 /* User.swift */,
				D3A8C25E2AA99F3E0024F989 /* UniRating.swift */,
				D3A8C2602AA99FBD0024F989 /* LecturerRating.swift */,
				D30A30322AB5AED40022C988 /* UniversityData.swift */,
				D32899022ACD7E4200051A43 /* UpUser.swift */,
				D32899042AD0302B00051A43 /* VerifiedUni.swift */,
			);
			path = Models;
			sourceTree = "<group>";
		};
		D3F4B1802A95C40F009106A2 /* Resources */ = {
			isa = PBXGroup;
			children = (
				D3F4B1892A95D273009106A2 /* NotificationsData.json */,
				D3F4B1972A971878009106A2 /* RepliesData.json */,
				D3F4B1912A95F259009106A2 /* DiscussionsData.json */,
				D32898BD2AC0158200051A43 /* LecturerList.json */,
			);
			path = Resources;
			sourceTree = "<group>";
		};
/* End PBXGroup section */

/* Begin PBXNativeTarget section */
		D32899102AD1793A00051A43 /* UniChatTests */ = {
			isa = PBXNativeTarget;
			buildConfigurationList = D32899192AD1793B00051A43 /* Build configuration list for PBXNativeTarget "UniChatTests" */;
			buildPhases = (
				D328990D2AD1793A00051A43 /* Sources */,
				D328990E2AD1793A00051A43 /* Frameworks */,
				D328990F2AD1793A00051A43 /* Resources */,
			);
			buildRules = (
			);
			dependencies = (
				D32899162AD1793A00051A43 /* PBXTargetDependency */,
			);
			name = UniChatTests;
			productName = UniChatTests;
			productReference = D32899112AD1793A00051A43 /* UniChatTests.xctest */;
			productType = "com.apple.product-type.bundle.unit-test";
		};
		D3F4B1512A94816D009106A2 /* UniChat */ = {
			isa = PBXNativeTarget;
			buildConfigurationList = D3F4B1602A94816F009106A2 /* Build configuration list for PBXNativeTarget "UniChat" */;
			buildPhases = (
				D30811052AA85A9400D4751B /* Sources */,
				D3F4B14F2A94816D009106A2 /* Frameworks */,
				D3F4B1502A94816D009106A2 /* Resources */,
			);
			buildRules = (
			);
			dependencies = (
			);
			name = UniChat;
			packageProductDependencies = (
				D30A30A42AB854D50022C988 /* Auth0 */,
				D38B48BD2ABAE8B1002E1333 /* FaviconFinder */,
			);
			productName = UniChat;
			productReference = D3F4B1522A94816D009106A2 /* UniChat.app */;
			productType = "com.apple.product-type.application";
		};
/* End PBXNativeTarget section */

/* Begin PBXProject section */
		D3F4B14A2A94816D009106A2 /* Project object */ = {
			isa = PBXProject;
			attributes = {
				BuildIndependentTargetsInParallel = 1;
				LastSwiftUpdateCheck = 1430;
				LastUpgradeCheck = 1430;
				TargetAttributes = {
					D32899102AD1793A00051A43 = {
						CreatedOnToolsVersion = 14.3.1;
						TestTargetID = D3F4B1512A94816D009106A2;
					};
					D3F4B1512A94816D009106A2 = {
						CreatedOnToolsVersion = 14.3.1;
					};
				};
			};
			buildConfigurationList = D3F4B14D2A94816D009106A2 /* Build configuration list for PBXProject "UniChat" */;
			compatibilityVersion = "Xcode 14.0";
			developmentRegion = en;
			hasScannedForEncodings = 0;
			knownRegions = (
				en,
				Base,
			);
			mainGroup = D3F4B1492A94816D009106A2;
			packageReferences = (
				D30A30A32AB854D50022C988 /* XCRemoteSwiftPackageReference "Auth0" */,
				D38B48BC2ABAE8B1002E1333 /* XCRemoteSwiftPackageReference "FaviconFinder" */,
			);
			productRefGroup = D3F4B1532A94816D009106A2 /* Products */;
			projectDirPath = "";
			projectRoot = "";
			targets = (
				D3F4B1512A94816D009106A2 /* UniChat */,
				D32899102AD1793A00051A43 /* UniChatTests */,
			);
		};
/* End PBXProject section */

/* Begin PBXResourcesBuildPhase section */
		D328990F2AD1793A00051A43 /* Resources */ = {
			isa = PBXResourcesBuildPhase;
			buildActionMask = 2147483647;
			files = (
			);
			runOnlyForDeploymentPostprocessing = 0;
		};
		D3F4B1502A94816D009106A2 /* Resources */ = {
			isa = PBXResourcesBuildPhase;
			buildActionMask = 2147483647;
			files = (
				D3C2BC3E2AA7227D00F9A747 /* README.md in Resources */,
				D3F4B1982A971878009106A2 /* RepliesData.json in Resources */,
				D3F4B15D2A94816F009106A2 /* Preview Assets.xcassets in Resources */,
				D3F4B18A2A95D273009106A2 /* NotificationsData.json in Resources */,
				D3F4B15A2A94816F009106A2 /* Assets.xcassets in Resources */,
				D3F4B1922A95F259009106A2 /* DiscussionsData.json in Resources */,
				D32898BE2AC0158200051A43 /* LecturerList.json in Resources */,
			);
			runOnlyForDeploymentPostprocessing = 0;
		};
/* End PBXResourcesBuildPhase section */

/* Begin PBXSourcesBuildPhase section */
		D30811052AA85A9400D4751B /* Sources */ = {
			isa = PBXSourcesBuildPhase;
			buildActionMask = 2147483647;
			files = (
				D308111D2AA85B1D00D4751B /* Discussion.swift in Sources */,
				D30A30312AB434820022C988 /* CoreDataModelView.swift in Sources */,
				D308111C2AA85B1A00D4751B /* UniChatColor.swift in Sources */,
				D308111B2AA85ADB00D4751B /* UniChatApp.swift in Sources */,
				D30811782AA8650D00D4751B /* UniChatCoreData.xcdatamodeld in Sources */,
				D308117A2AA876AC00D4751B /* LikedUser.swift in Sources */,
				D3A8C25D2AA88A6E0024F989 /* User.swift in Sources */,
				D32899052AD0302B00051A43 /* VerifiedUni.swift in Sources */,
				D3107C6F2AB9B4D10063E7BC /* ProfileDetailsView.swift in Sources */,
				D32899032ACD7E4200051A43 /* UpUser.swift in Sources */,
				D328990C2AD03DB300051A43 /* CameraView.swift in Sources */,
				D308110D2AA85AD600D4751B /* ContentView.swift in Sources */,
				D308110E2AA85AD600D4751B /* FeatureTabView.swift in Sources */,
				D308110F2AA85AD600D4751B /* MyDiscussionsView.swift in Sources */,
				D30811102AA85AD600D4751B /* NotificationsView.swift in Sources */,
				D30811112AA85AD600D4751B /* ProfileView.swift in Sources */,
				D30811122AA85AD600D4751B /* PushNotificationsView.swift in Sources */,
				D30811132AA85AD600D4751B /* ReportAProblemView.swift in Sources */,
				D30811142AA85AD600D4751B /* SettingsView.swift in Sources */,
				D32899092AD03BCC00051A43 /* VerificationCameraView.swift in Sources */,
				D30811152AA85AD600D4751B /* TrendingDiscussionsView.swift in Sources */,
				D30811162AA85AD600D4751B /* UsernameAndPasswordView.swift in Sources */,
				D30811172AA85AD600D4751B /* VerificationView.swift in Sources */,
				D3A8C2632AADE48B0024F989 /* SplashScreenView.swift in Sources */,
				D3A8C2612AA99FBD0024F989 /* LecturerRating.swift in Sources */,
				D30811182AA85AD600D4751B /* WritePostView.swift in Sources */,
				D30811192AA85AD600D4751B /* LogInView.swift in Sources */,
				D308111A2AA85AD600D4751B /* SignUpView.swift in Sources */,
				D3A8C2AB2AB18F270024F989 /* KeychainManager.swift in Sources */,
				D32898C12AC042E200051A43 /* Helper.swift in Sources */,
				D3A8C25F2AA99F3E0024F989 /* UniRating.swift in Sources */,
				D30A30332AB5AED40022C988 /* UniversityData.swift in Sources */,
				D308110C2AA85ABB00D4751B /* HeadingView.swift in Sources */,
				D308110B2AA85AB700D4751B /* DiscussionView.swift in Sources */,
				D3DAE61B2AD3D89F005F42F4 /* UniChatDocumentation.docc in Sources */,
				D30811082AA85AAF00D4751B /* Persistence.swift in Sources */,
				D30811072AA85AAD00D4751B /* Notification.swift in Sources */,
				D30811062AA85AAB00D4751B /* Reply.swift in Sources */,
			);
			runOnlyForDeploymentPostprocessing = 0;
		};
		D328990D2AD1793A00051A43 /* Sources */ = {
			isa = PBXSourcesBuildPhase;
			buildActionMask = 2147483647;
			files = (
				D32899142AD1793A00051A43 /* UniChatTests.swift in Sources */,
				D328991D2AD179FE00051A43 /* HelperFunctionsTest.swift in Sources */,
			);
			runOnlyForDeploymentPostprocessing = 0;
		};
/* End PBXSourcesBuildPhase section */

/* Begin PBXTargetDependency section */
		D32899162AD1793A00051A43 /* PBXTargetDependency */ = {
			isa = PBXTargetDependency;
			target = D3F4B1512A94816D009106A2 /* UniChat */;
			targetProxy = D32899152AD1793A00051A43 /* PBXContainerItemProxy */;
		};
/* End PBXTargetDependency section */

/* Begin XCBuildConfiguration section */
		D32899172AD1793B00051A43 /* Debug */ = {
			isa = XCBuildConfiguration;
			buildSettings = {
				BUNDLE_LOADER = "$(TEST_HOST)";
				CODE_SIGN_STYLE = Automatic;
				CURRENT_PROJECT_VERSION = 1;
				GENERATE_INFOPLIST_FILE = YES;
				MARKETING_VERSION = 1.0;
				PRODUCT_BUNDLE_IDENTIFIER = None.UniChatTests;
				PRODUCT_NAME = "$(TARGET_NAME)";
				SWIFT_EMIT_LOC_STRINGS = NO;
				SWIFT_VERSION = 5.0;
				TARGETED_DEVICE_FAMILY = "1,2";
				TEST_HOST = "$(BUILT_PRODUCTS_DIR)/UniChat.app/$(BUNDLE_EXECUTABLE_FOLDER_PATH)/UniChat";
			};
			name = Debug;
		};
		D32899182AD1793B00051A43 /* Release */ = {
			isa = XCBuildConfiguration;
			buildSettings = {
				BUNDLE_LOADER = "$(TEST_HOST)";
				CODE_SIGN_STYLE = Automatic;
				CURRENT_PROJECT_VERSION = 1;
				GENERATE_INFOPLIST_FILE = YES;
				MARKETING_VERSION = 1.0;
				PRODUCT_BUNDLE_IDENTIFIER = None.UniChatTests;
				PRODUCT_NAME = "$(TARGET_NAME)";
				SWIFT_EMIT_LOC_STRINGS = NO;
				SWIFT_VERSION = 5.0;
				TARGETED_DEVICE_FAMILY = "1,2";
				TEST_HOST = "$(BUILT_PRODUCTS_DIR)/UniChat.app/$(BUNDLE_EXECUTABLE_FOLDER_PATH)/UniChat";
			};
			name = Release;
		};
		D3F4B15E2A94816F009106A2 /* Debug */ = {
			isa = XCBuildConfiguration;
			buildSettings = {
				ALWAYS_SEARCH_USER_PATHS = NO;
				CLANG_ANALYZER_NONNULL = YES;
				CLANG_ANALYZER_NUMBER_OBJECT_CONVERSION = YES_AGGRESSIVE;
				CLANG_CXX_LANGUAGE_STANDARD = "gnu++20";
				CLANG_ENABLE_MODULES = YES;
				CLANG_ENABLE_OBJC_ARC = YES;
				CLANG_ENABLE_OBJC_WEAK = YES;
				CLANG_WARN_BLOCK_CAPTURE_AUTORELEASING = YES;
				CLANG_WARN_BOOL_CONVERSION = YES;
				CLANG_WARN_COMMA = YES;
				CLANG_WARN_CONSTANT_CONVERSION = YES;
				CLANG_WARN_DEPRECATED_OBJC_IMPLEMENTATIONS = YES;
				CLANG_WARN_DIRECT_OBJC_ISA_USAGE = YES_ERROR;
				CLANG_WARN_DOCUMENTATION_COMMENTS = YES;
				CLANG_WARN_EMPTY_BODY = YES;
				CLANG_WARN_ENUM_CONVERSION = YES;
				CLANG_WARN_INFINITE_RECURSION = YES;
				CLANG_WARN_INT_CONVERSION = YES;
				CLANG_WARN_NON_LITERAL_NULL_CONVERSION = YES;
				CLANG_WARN_OBJC_IMPLICIT_RETAIN_SELF = YES;
				CLANG_WARN_OBJC_LITERAL_CONVERSION = YES;
				CLANG_WARN_OBJC_ROOT_CLASS = YES_ERROR;
				CLANG_WARN_QUOTED_INCLUDE_IN_FRAMEWORK_HEADER = YES;
				CLANG_WARN_RANGE_LOOP_ANALYSIS = YES;
				CLANG_WARN_STRICT_PROTOTYPES = YES;
				CLANG_WARN_SUSPICIOUS_MOVE = YES;
				CLANG_WARN_UNGUARDED_AVAILABILITY = YES_AGGRESSIVE;
				CLANG_WARN_UNREACHABLE_CODE = YES;
				CLANG_WARN__DUPLICATE_METHOD_MATCH = YES;
				COPY_PHASE_STRIP = NO;
				DEBUG_INFORMATION_FORMAT = dwarf;
				ENABLE_STRICT_OBJC_MSGSEND = YES;
				ENABLE_TESTABILITY = YES;
				GCC_C_LANGUAGE_STANDARD = gnu11;
				GCC_DYNAMIC_NO_PIC = NO;
				GCC_NO_COMMON_BLOCKS = YES;
				GCC_OPTIMIZATION_LEVEL = 0;
				GCC_PREPROCESSOR_DEFINITIONS = (
					"DEBUG=1",
					"$(inherited)",
				);
				GCC_WARN_64_TO_32_BIT_CONVERSION = YES;
				GCC_WARN_ABOUT_RETURN_TYPE = YES_ERROR;
				GCC_WARN_UNDECLARED_SELECTOR = YES;
				GCC_WARN_UNINITIALIZED_AUTOS = YES_AGGRESSIVE;
				GCC_WARN_UNUSED_FUNCTION = YES;
				GCC_WARN_UNUSED_VARIABLE = YES;
				IPHONEOS_DEPLOYMENT_TARGET = 16.4;
				MTL_ENABLE_DEBUG_INFO = INCLUDE_SOURCE;
				MTL_FAST_MATH = YES;
				ONLY_ACTIVE_ARCH = YES;
				SDKROOT = iphoneos;
				SWIFT_ACTIVE_COMPILATION_CONDITIONS = DEBUG;
				SWIFT_OPTIMIZATION_LEVEL = "-Onone";
			};
			name = Debug;
		};
		D3F4B15F2A94816F009106A2 /* Release */ = {
			isa = XCBuildConfiguration;
			buildSettings = {
				ALWAYS_SEARCH_USER_PATHS = NO;
				CLANG_ANALYZER_NONNULL = YES;
				CLANG_ANALYZER_NUMBER_OBJECT_CONVERSION = YES_AGGRESSIVE;
				CLANG_CXX_LANGUAGE_STANDARD = "gnu++20";
				CLANG_ENABLE_MODULES = YES;
				CLANG_ENABLE_OBJC_ARC = YES;
				CLANG_ENABLE_OBJC_WEAK = YES;
				CLANG_WARN_BLOCK_CAPTURE_AUTORELEASING = YES;
				CLANG_WARN_BOOL_CONVERSION = YES;
				CLANG_WARN_COMMA = YES;
				CLANG_WARN_CONSTANT_CONVERSION = YES;
				CLANG_WARN_DEPRECATED_OBJC_IMPLEMENTATIONS = YES;
				CLANG_WARN_DIRECT_OBJC_ISA_USAGE = YES_ERROR;
				CLANG_WARN_DOCUMENTATION_COMMENTS = YES;
				CLANG_WARN_EMPTY_BODY = YES;
				CLANG_WARN_ENUM_CONVERSION = YES;
				CLANG_WARN_INFINITE_RECURSION = YES;
				CLANG_WARN_INT_CONVERSION = YES;
				CLANG_WARN_NON_LITERAL_NULL_CONVERSION = YES;
				CLANG_WARN_OBJC_IMPLICIT_RETAIN_SELF = YES;
				CLANG_WARN_OBJC_LITERAL_CONVERSION = YES;
				CLANG_WARN_OBJC_ROOT_CLASS = YES_ERROR;
				CLANG_WARN_QUOTED_INCLUDE_IN_FRAMEWORK_HEADER = YES;
				CLANG_WARN_RANGE_LOOP_ANALYSIS = YES;
				CLANG_WARN_STRICT_PROTOTYPES = YES;
				CLANG_WARN_SUSPICIOUS_MOVE = YES;
				CLANG_WARN_UNGUARDED_AVAILABILITY = YES_AGGRESSIVE;
				CLANG_WARN_UNREACHABLE_CODE = YES;
				CLANG_WARN__DUPLICATE_METHOD_MATCH = YES;
				COPY_PHASE_STRIP = NO;
				DEBUG_INFORMATION_FORMAT = "dwarf-with-dsym";
				ENABLE_NS_ASSERTIONS = NO;
				ENABLE_STRICT_OBJC_MSGSEND = YES;
				GCC_C_LANGUAGE_STANDARD = gnu11;
				GCC_NO_COMMON_BLOCKS = YES;
				GCC_WARN_64_TO_32_BIT_CONVERSION = YES;
				GCC_WARN_ABOUT_RETURN_TYPE = YES_ERROR;
				GCC_WARN_UNDECLARED_SELECTOR = YES;
				GCC_WARN_UNINITIALIZED_AUTOS = YES_AGGRESSIVE;
				GCC_WARN_UNUSED_FUNCTION = YES;
				GCC_WARN_UNUSED_VARIABLE = YES;
				IPHONEOS_DEPLOYMENT_TARGET = 16.4;
				MTL_ENABLE_DEBUG_INFO = NO;
				MTL_FAST_MATH = YES;
				SDKROOT = iphoneos;
				SWIFT_COMPILATION_MODE = wholemodule;
				SWIFT_OPTIMIZATION_LEVEL = "-O";
				VALIDATE_PRODUCT = YES;
			};
			name = Release;
		};
		D3F4B1612A94816F009106A2 /* Debug */ = {
			isa = XCBuildConfiguration;
			buildSettings = {
				ASSETCATALOG_COMPILER_APPICON_NAME = AppIcon;
				ASSETCATALOG_COMPILER_GLOBAL_ACCENT_COLOR_NAME = AccentColor;
				CODE_SIGN_STYLE = Automatic;
				CURRENT_PROJECT_VERSION = 1;
				DEVELOPMENT_ASSET_PATHS = "\"UniChat/Preview Content\"";
				ENABLE_PREVIEWS = YES;
				GENERATE_INFOPLIST_FILE = YES;
				INFOPLIST_FILE = UniChat/Info.plist;
				INFOPLIST_KEY_NSPhotoLibraryAddUsageDescription = "The app needs to save the photo to your library";
				INFOPLIST_KEY_UIApplicationSceneManifest_Generation = YES;
				INFOPLIST_KEY_UIApplicationSupportsIndirectInputEvents = YES;
				INFOPLIST_KEY_UILaunchScreen_Generation = YES;
				INFOPLIST_KEY_UISupportedInterfaceOrientations_iPad = "UIInterfaceOrientationPortrait UIInterfaceOrientationPortraitUpsideDown UIInterfaceOrientationLandscapeLeft UIInterfaceOrientationLandscapeRight";
				INFOPLIST_KEY_UISupportedInterfaceOrientations_iPhone = "UIInterfaceOrientationPortrait UIInterfaceOrientationLandscapeLeft UIInterfaceOrientationLandscapeRight";
				LD_RUNPATH_SEARCH_PATHS = (
					"$(inherited)",
					"@executable_path/Frameworks",
				);
				MARKETING_VERSION = 1.0;
				PRODUCT_BUNDLE_IDENTIFIER = None.UniChat;
				PRODUCT_NAME = "$(TARGET_NAME)";
				SWIFT_EMIT_LOC_STRINGS = YES;
				SWIFT_VERSION = 5.0;
				TARGETED_DEVICE_FAMILY = "1,2";
			};
			name = Debug;
		};
		D3F4B1622A94816F009106A2 /* Release */ = {
			isa = XCBuildConfiguration;
			buildSettings = {
				ASSETCATALOG_COMPILER_APPICON_NAME = AppIcon;
				ASSETCATALOG_COMPILER_GLOBAL_ACCENT_COLOR_NAME = AccentColor;
				CODE_SIGN_STYLE = Automatic;
				CURRENT_PROJECT_VERSION = 1;
				DEVELOPMENT_ASSET_PATHS = "\"UniChat/Preview Content\"";
				ENABLE_PREVIEWS = YES;
				GENERATE_INFOPLIST_FILE = YES;
				INFOPLIST_FILE = UniChat/Info.plist;
				INFOPLIST_KEY_NSPhotoLibraryAddUsageDescription = "The app needs to save the photo to your library";
				INFOPLIST_KEY_UIApplicationSceneManifest_Generation = YES;
				INFOPLIST_KEY_UIApplicationSupportsIndirectInputEvents = YES;
				INFOPLIST_KEY_UILaunchScreen_Generation = YES;
				INFOPLIST_KEY_UISupportedInterfaceOrientations_iPad = "UIInterfaceOrientationPortrait UIInterfaceOrientationPortraitUpsideDown UIInterfaceOrientationLandscapeLeft UIInterfaceOrientationLandscapeRight";
				INFOPLIST_KEY_UISupportedInterfaceOrientations_iPhone = "UIInterfaceOrientationPortrait UIInterfaceOrientationLandscapeLeft UIInterfaceOrientationLandscapeRight";
				LD_RUNPATH_SEARCH_PATHS = (
					"$(inherited)",
					"@executable_path/Frameworks",
				);
				MARKETING_VERSION = 1.0;
				PRODUCT_BUNDLE_IDENTIFIER = None.UniChat;
				PRODUCT_NAME = "$(TARGET_NAME)";
				SWIFT_EMIT_LOC_STRINGS = YES;
				SWIFT_VERSION = 5.0;
				TARGETED_DEVICE_FAMILY = "1,2";
			};
			name = Release;
		};
/* End XCBuildConfiguration section */

/* Begin XCConfigurationList section */
		D32899192AD1793B00051A43 /* Build configuration list for PBXNativeTarget "UniChatTests" */ = {
			isa = XCConfigurationList;
			buildConfigurations = (
				D32899172AD1793B00051A43 /* Debug */,
				D32899182AD1793B00051A43 /* Release */,
			);
			defaultConfigurationIsVisible = 0;
			defaultConfigurationName = Release;
		};
		D3F4B14D2A94816D009106A2 /* Build configuration list for PBXProject "UniChat" */ = {
			isa = XCConfigurationList;
			buildConfigurations = (
				D3F4B15E2A94816F009106A2 /* Debug */,
				D3F4B15F2A94816F009106A2 /* Release */,
			);
			defaultConfigurationIsVisible = 0;
			defaultConfigurationName = Release;
		};
		D3F4B1602A94816F009106A2 /* Build configuration list for PBXNativeTarget "UniChat" */ = {
			isa = XCConfigurationList;
			buildConfigurations = (
				D3F4B1612A94816F009106A2 /* Debug */,
				D3F4B1622A94816F009106A2 /* Release */,
			);
			defaultConfigurationIsVisible = 0;
			defaultConfigurationName = Release;
		};
/* End XCConfigurationList section */

/* Begin XCRemoteSwiftPackageReference section */
		D30A30A32AB854D50022C988 /* XCRemoteSwiftPackageReference "Auth0" */ = {
			isa = XCRemoteSwiftPackageReference;
			repositoryURL = "https://github.com/auth0/Auth0.swift";
			requirement = {
				kind = upToNextMajorVersion;
				minimumVersion = 2.0.0;
			};
		};
		D38B48BC2ABAE8B1002E1333 /* XCRemoteSwiftPackageReference "FaviconFinder" */ = {
			isa = XCRemoteSwiftPackageReference;
			repositoryURL = "https://github.com/will-lumley/FaviconFinder";
			requirement = {
				kind = upToNextMajorVersion;
				minimumVersion = 4.0.0;
			};
		};
/* End XCRemoteSwiftPackageReference section */

/* Begin XCSwiftPackageProductDependency section */
		D30A30A42AB854D50022C988 /* Auth0 */ = {
			isa = XCSwiftPackageProductDependency;
			package = D30A30A32AB854D50022C988 /* XCRemoteSwiftPackageReference "Auth0" */;
			productName = Auth0;
		};
		D38B48BD2ABAE8B1002E1333 /* FaviconFinder */ = {
			isa = XCSwiftPackageProductDependency;
			package = D38B48BC2ABAE8B1002E1333 /* XCRemoteSwiftPackageReference "FaviconFinder" */;
			productName = FaviconFinder;
		};
/* End XCSwiftPackageProductDependency section */

/* Begin XCVersionGroup section */
		D30811762AA8650D00D4751B /* UniChatCoreData.xcdatamodeld */ = {
			isa = XCVersionGroup;
			children = (
				D30811772AA8650D00D4751B /* UniChatCoreData.xcdatamodel */,
			);
			currentVersion = D30811772AA8650D00D4751B /* UniChatCoreData.xcdatamodel */;
			path = UniChatCoreData.xcdatamodeld;
			sourceTree = "<group>";
			versionGroupType = wrapper.xcdatamodel;
		};
/* End XCVersionGroup section */
	};
	rootObject = D3F4B14A2A94816D009106A2 /* Project object */;
}
