{
  "pins" : [
    {
      "identity" : "auth0.swift",
      "kind" : "remoteSourceControl",
      "location" : "https://github.com/auth0/Auth0.swift",
      "state" : {
        "revision" : "9d970f3f5a694a146724e055c7932808a274d96e",
        "version" : "2.5.0"
      }
    },
    {
      "identity" : "faviconfinder",
      "kind" : "remoteSourceControl",
      "location" : "https://github.com/will-lumley/FaviconFinder",
      "state" : {
        "revision" : "48f98ceadd8ee3d484016201fe1115d0d23fa87d",
        "version" : "4.2.0"
      }
    },
    {
      "identity" : "jwtdecode.swift",
      "kind" : "remoteSourceControl",
      "location" : "https://github.com/auth0/JWTDecode.swift.git",
      "state" : {
        "revision" : "58af7278797871e460d79496621b3e5366b865b2",
        "version" : "3.1.0"
      }
    },
    {
      "identity" : "simplekeychain",
      "kind" : "remoteSourceControl",
      "location" : "https://github.com/auth0/SimpleKeychain.git",
      "state" : {
        "revision" : "f082494aab8056139a4fe234c920a9f92f681aff",
        "version" : "1.1.0"
      }
    },
    {
      "identity" : "swiftsoup",
      "kind" : "remoteSourceControl",
      "location" : "https://github.com/scinfu/SwiftSoup.git",
      "state" : {
        "revision" : "8b6cf29eead8841a1fa7822481cb3af4ddaadba6",
        "version" : "2.6.1"
      }
    }
  ],
  "version" : 2
}
